
Microsoft Visual Studio Solution File, Format Version 12.00
# Visual Studio Version 16
VisualStudioVersion = 16.0.29806.167
MinimumVisualStudioVersion = 10.0.40219.1
Project("{FAE04EC0-301F-11D3-BF4B-00C04F79EFBC}") = "Larger Picker", "Larger Picker.csproj", "{140B9342-9910-49C2-AB53-68C3FFA0029B}"
EndProject
Global
	GlobalSection(SolutionConfigurationPlatforms) = preSolution
		Debug|Any CPU = Debug|Any CPU
		Release|Any CPU = Release|Any CPU
	EndGlobalSection
	GlobalSection(ProjectConfigurationPlatforms) = postSolution
		{140B9342-9910-49C2-AB53-68C3FFA0029B}.Debug|Any CPU.ActiveCfg = Debug|Any CPU
		{140B9342-9910-49C2-AB53-68C3FFA0029B}.Debug|Any CPU.Build.0 = Debug|Any CPU
		{140B9342-9910-49C2-AB53-68C3FFA0029B}.Release|Any CPU.ActiveCfg = Release|Any CPU
		{140B9342-9910-49C2-AB53-68C3FFA0029B}.Release|Any CPU.Build.0 = Release|Any CPU
	EndGlobalSection
	GlobalSection(SolutionProperties) = preSolution
		HideSolutionNode = FALSE
	EndGlobalSection
	GlobalSection(ExtensibilityGlobals) = postSolution
		SolutionGuid = {9F4F18FB-4078-4EBF-979B-0750977667DB}
	EndGlobalSection
EndGlobal
